# THIS IS AN AUTOGENERATED FILE. DO NOT EDIT THIS FILE DIRECTLY.
# yarn lockfile v1


"accepts@~1.3.3", "accepts@~1.3.4":
  "integrity" "sha512-Il80Qs2WjYlJIBNzNkK6KYqlVMTbZLXgHx2oT0pU/fjRHyEp+PEfEPY0R3WCwAGVOtauxh1hOxNgIf5bv7dQpA=="
  "resolved" "https://registry.npmjs.org/accepts/-/accepts-1.3.7.tgz"
  "version" "1.3.7"
  dependencies:
    "mime-types" "~2.1.24"
    "negotiator" "0.6.2"

"after@0.8.2":
  "integrity" "sha1-/ts5T58OAqqXaOcCvaI7UF+ufh8= sha512-QbJ0NTQ/I9DI3uSJA4cbexiwQeRAfjPScqIbSjUDd9TOrcg6pTkdgziesOqxBMBzit8vFCTwrP27t13vFOORRA=="
  "resolved" "https://registry.npmjs.org/after/-/after-0.8.2.tgz"
  "version" "0.8.2"

"array-flatten@1.1.1":
  "integrity" "sha512-PCVAQswWemu6UdxsDFFX/+gVeYqKAod3D3UVm91jHwynguOwAvYPhx8nNlM++NqRcK6CxxpUafjmhIdKiHibqg=="
  "resolved" "https://registry.npmjs.org/array-flatten/-/array-flatten-1.1.1.tgz"
  "version" "1.1.1"

"arraybuffer.slice@~0.0.7":
  "integrity" "sha512-wGUIVQXuehL5TCqQun8OW81jGzAWycqzFF8lFp+GOM5BXLYj3bKNsYC4daB7n6XjCqxQA/qgTJ+8ANR3acjrog=="
  "resolved" "https://registry.npmjs.org/arraybuffer.slice/-/arraybuffer.slice-0.0.7.tgz"
  "version" "0.0.7"

"async-limiter@~1.0.0":
  "integrity" "sha512-jp/uFnooOiO+L211eZOoSyzpOITMXx1rBITauYykG3BRYPu8h0UcxsPNB04RR5vo4Tyz3+ay17tR6JVf9qzYWg=="
  "resolved" "https://registry.npmjs.org/async-limiter/-/async-limiter-1.0.0.tgz"
  "version" "1.0.0"

"backo2@1.0.2":
  "integrity" "sha1-MasayLEpNjRj41s+u2n038+6eUc= sha512-zj6Z6M7Eq+PBZ7PQxl5NT665MvJdAkzp0f60nAJ+sLaSCBPMwVak5ZegFbgVCzFcCJTKFoMizvM5Ld7+JrRJHA=="
  "resolved" "https://registry.npmjs.org/backo2/-/backo2-1.0.2.tgz"
  "version" "1.0.2"

"base64-arraybuffer@0.1.5":
  "integrity" "sha1-c5JncZI7Whl0etZmqlzUv5xunOg= sha512-437oANT9tP582zZMwSvZGy2nmSeAb8DW2me3y+Uv1Wp2Rulr8Mqlyrv3E7MLxmsiaPSMMDmiDVzgE+e8zlMx9g=="
  "resolved" "https://registry.npmjs.org/base64-arraybuffer/-/base64-arraybuffer-0.1.5.tgz"
  "version" "0.1.5"

"base64id@1.0.0":
  "integrity" "sha1-R2iMuZu2gE8OBtPnY7HDLlfY5rY= sha512-rz8L+d/xByiB/vLVftPkyY215fqNrmasrcJsYkVcm4TgJNz+YXKrFaFAWibSaHkiKoSgMDCb+lipOIRQNGYesw=="
  "resolved" "https://registry.npmjs.org/base64id/-/base64id-1.0.0.tgz"
  "version" "1.0.0"

"better-assert@~1.0.0":
  "integrity" "sha1-QIZrnhueC1W0gYlDEeaPr/rrxSI= sha512-bYeph2DFlpK1XmGs6fvlLRUN29QISM3GBuUwSFsMY2XRx4AvC0WNCS57j4c/xGrK2RS24C1w3YoBOsw9fT46tQ=="
  "resolved" "https://registry.npmjs.org/better-assert/-/better-assert-1.0.2.tgz"
  "version" "1.0.2"
  dependencies:
    "callsite" "1.0.0"

"blob@0.0.5":
  "integrity" "sha512-gaqbzQPqOoamawKg0LGVd7SzLgXS+JH61oWprSLH+P+abTczqJbhTR8CmJ2u9/bUYNmHTGJx/UEmn6doAvvuig=="
  "resolved" "https://registry.npmjs.org/blob/-/blob-0.0.5.tgz"
  "version" "0.0.5"

"body-parser@^1.19.0":
  "integrity" "sha512-dhEPs72UPbDnAQJ9ZKMNTP6ptJaionhP5cBb541nXPlW60Jepo9RV/a4fX4XWW9CuFNK22krhrj1+rgzifNCsw=="
  "resolved" "https://registry.npmjs.org/body-parser/-/body-parser-1.19.0.tgz"
  "version" "1.19.0"
  dependencies:
    "bytes" "3.1.0"
    "content-type" "~1.0.4"
    "debug" "2.6.9"
    "depd" "~1.1.2"
    "http-errors" "1.7.2"
    "iconv-lite" "0.4.24"
    "on-finished" "~2.3.0"
    "qs" "6.7.0"
    "raw-body" "2.4.0"
    "type-is" "~1.6.17"

"bytes@3.1.0":
  "integrity" "sha512-zauLjrfCG+xvoyaqLoV8bLVXXNGC4JqlxFCutSDWA6fJrTo2ZuvLYTqZ7aHBLZSMOopbzwv8f+wZcVzfVTI2Dg=="
  "resolved" "https://registry.npmjs.org/bytes/-/bytes-3.1.0.tgz"
  "version" "3.1.0"

"callsite@1.0.0":
  "integrity" "sha1-KAOY5dZkvXQDi28JBRU+borxvCA= sha512-0vdNRFXn5q+dtOqjfFtmtlI9N2eVZ7LMyEV2iKC5mEEFvSg/69Ml6b/WU2qF8W1nLRa0wiSrDT3Y5jOHZCwKPQ=="
  "resolved" "https://registry.npmjs.org/callsite/-/callsite-1.0.0.tgz"
  "version" "1.0.0"

"component-bind@1.0.0":
  "integrity" "sha1-AMYIq33Nk4l8AAllGx06jh5zu9E= sha512-WZveuKPeKAG9qY+FkYDeADzdHyTYdIboXS59ixDeRJL5ZhxpqUnxSOwop4FQjMsiYm3/Or8cegVbpAHNA7pHxw=="
  "resolved" "https://registry.npmjs.org/component-bind/-/component-bind-1.0.0.tgz"
  "version" "1.0.0"

"component-emitter@1.2.1":
  "integrity" "sha1-E3kY1teCg/ffemt8WmPhQOaUJeY= sha512-jPatnhd33viNplKjqXKRkGU345p263OIWzDL2wH3LGIGp5Kojo+uXizHmOADRvhGFFTnJqX3jBAKP6vvmSDKcA=="
  "resolved" "https://registry.npmjs.org/component-emitter/-/component-emitter-1.2.1.tgz"
  "version" "1.2.1"

"component-inherit@0.0.3":
  "integrity" "sha1-ZF/ErfWLcrZJ1crmUTVhnbJv8UM= sha512-w+LhYREhatpVqTESyGFg3NlP6Iu0kEKUHETY9GoZP/pQyW4mHFZuFWRUCIqVPZ36ueVLtoOEZaAqbCF2RDndaA=="
  "resolved" "https://registry.npmjs.org/component-inherit/-/component-inherit-0.0.3.tgz"
  "version" "0.0.3"

"content-disposition@0.5.2":
  "integrity" "sha512-kRGRZw3bLlFISDBgwTSA1TMBFN6J6GWDeubmDE3AF+3+yXL8hTWv8r5rkLbqYXY4RjPk/EzHnClI3zQf1cFmHA=="
  "resolved" "https://registry.npmjs.org/content-disposition/-/content-disposition-0.5.2.tgz"
  "version" "0.5.2"

"content-type@~1.0.2", "content-type@~1.0.4":
  "integrity" "sha512-hIP3EEPs8tB9AT1L+NUqtwOAps4mk2Zob89MWXMHjHWg9milF/j4osnnQLXBCBFBk/tvIG/tUc9mOUJiPBhPXA=="
  "resolved" "https://registry.npmjs.org/content-type/-/content-type-1.0.4.tgz"
  "version" "1.0.4"

"cookie-signature@1.0.6":
  "integrity" "sha512-QADzlaHc8icV8I7vbaJXJwod9HWYp8uCqf1xa4OfNu1T7JVxQIrUgOWtHdNDtPiywmFbiS12VjotIXLrKM3orQ=="
  "resolved" "https://registry.npmjs.org/cookie-signature/-/cookie-signature-1.0.6.tgz"
  "version" "1.0.6"

"cookie@0.3.1":
  "integrity" "sha512-+IJOX0OqlHCszo2mBUq+SrEbCj6w7Kpffqx60zYbPTFaO4+yYgRjHwcZNpWvaTylDHaV7PPmBHzSecZiMhtPgw=="
  "resolved" "https://registry.npmjs.org/cookie/-/cookie-0.3.1.tgz"
  "version" "0.3.1"

"debug@~3.1.0":
  "integrity" "sha512-OX8XqP7/1a9cqkxYw2yXss15f26NKWBpDXQd0/uK/KPqdQhxbPa994hnzjcE2VqQpDslf55723cKPUOGSmMY3g=="
  "resolved" "https://registry.npmjs.org/debug/-/debug-3.1.0.tgz"
  "version" "3.1.0"
  dependencies:
    "ms" "2.0.0"

"debug@~4.1.0":
  "integrity" "sha512-pYAIzeRo8J6KPEaJ0VWOh5Pzkbw/RetuzehGM7QRRX5he4fPHx2rdKMB256ehJCkX+XRQm16eZLqLNS8RSZXZw=="
  "resolved" "https://registry.npmjs.org/debug/-/debug-4.1.1.tgz"
  "version" "4.1.1"
  dependencies:
    "ms" "^2.1.1"

"debug@2.6.7":
  "integrity" "sha512-7YoSmTDGnXYkFJOvaYXfxcvNE25Y11uZ0X8Mo+pSXjHz/9WUlbCS4O6q+wj7lhubdNQQXxxsSOnlqlDG8SenXQ=="
  "resolved" "https://registry.npmjs.org/debug/-/debug-2.6.7.tgz"
  "version" "2.6.7"
  dependencies:
    "ms" "2.0.0"

"debug@2.6.9":
  "integrity" "sha512-bC7ElrdJaJnPbAP+1EotYvqZsb3ecl5wi6Bfi6BJTUcNowp6cvspg0jXznRTKDjm/E7AdgFBVeAPVMNcKGsHMA=="
  "resolved" "https://registry.npmjs.org/debug/-/debug-2.6.9.tgz"
  "version" "2.6.9"
  dependencies:
    "ms" "2.0.0"

"depd@~1.1.0", "depd@~1.1.2":
  "integrity" "sha1-m81S4UwJd2PnSbJ0xDRu0uVgtak= sha512-7emPTl6Dpo6JRXOXjLRxck+FlLRX5847cLKEn00PLAgc3g2hTZZgr+e4c2v6QpSmLeFP3n5yUo7ft6avBK/5jQ=="
  "resolved" "https://registry.npmjs.org/depd/-/depd-1.1.2.tgz"
  "version" "1.1.2"

"depd@1.1.0":
  "integrity" "sha512-SN03SKT2SwhaAKUnRJ47Scnys7ZL2FuogA/6s9u5+58RAyqhsI2HBDZymMB0omazkYVBAwBHW9ONcjd4iZ8hDQ=="
  "resolved" "https://registry.npmjs.org/depd/-/depd-1.1.0.tgz"
  "version" "1.1.0"

"destroy@~1.0.4":
  "integrity" "sha512-3NdhDuEXnfun/z7x9GOElY49LoqVHoGScmOKwmxhsS8N5Y+Z8KyPPDnaSzqWgYt/ji4mqwfTS34Htrk0zPIXVg=="
  "resolved" "https://registry.npmjs.org/destroy/-/destroy-1.0.4.tgz"
  "version" "1.0.4"

"ee-first@1.1.1":
  "integrity" "sha512-WMwm9LhRUo+WUaRN+vRuETqG89IgZphVSNkdFgeb6sS/E4OrDIN7t48CAewSHXc6C8lefD8KKfr5vY61brQlow=="
  "resolved" "https://registry.npmjs.org/ee-first/-/ee-first-1.1.1.tgz"
  "version" "1.1.1"

"encodeurl@~1.0.1":
  "integrity" "sha512-Emsft8lNRSZ7+fFm2KgTM8OZPcfHip/hNMSkje83n+LqPx5tI4xkCxyunJIG3EZsWHz9sqzohiPR6monRXWD8g=="
  "resolved" "https://registry.npmjs.org/encodeurl/-/encodeurl-1.0.1.tgz"
  "version" "1.0.1"

"engine.io-client@~3.3.1":
  "integrity" "sha512-y0CPINnhMvPuwtqXfsGuWE8BB66+B6wTtCofQDRecMQPYX3MYUZXFNKDhdrSe3EVjgOu4V3rxdeqN/Tr91IgbQ=="
  "resolved" "https://registry.npmjs.org/engine.io-client/-/engine.io-client-3.3.2.tgz"
  "version" "3.3.2"
  dependencies:
    "component-emitter" "1.2.1"
    "component-inherit" "0.0.3"
    "debug" "~3.1.0"
    "engine.io-parser" "~2.1.1"
    "has-cors" "1.1.0"
    "indexof" "0.0.1"
    "parseqs" "0.0.5"
    "parseuri" "0.0.5"
    "ws" "~6.1.0"
    "xmlhttprequest-ssl" "~1.5.4"
    "yeast" "0.1.2"

"engine.io-parser@~2.1.0", "engine.io-parser@~2.1.1":
  "integrity" "sha512-6HXPre2O4Houl7c4g7Ic/XzPnHBvaEmN90vtRO9uLmwtRqQmTOw0QMevL1TOfL2Cpu1VzsaTmMotQgMdkzGkVA=="
  "resolved" "https://registry.npmjs.org/engine.io-parser/-/engine.io-parser-2.1.3.tgz"
  "version" "2.1.3"
  dependencies:
    "after" "0.8.2"
    "arraybuffer.slice" "~0.0.7"
    "base64-arraybuffer" "0.1.5"
    "blob" "0.0.5"
    "has-binary2" "~1.0.2"

"engine.io@~3.3.1":
  "integrity" "sha512-AsaA9KG7cWPXWHp5FvHdDWY3AMWeZ8x+2pUVLcn71qE5AtAzgGbxuclOytygskw8XGmiQafTmnI9Bix3uihu2w=="
  "resolved" "https://registry.npmjs.org/engine.io/-/engine.io-3.3.2.tgz"
  "version" "3.3.2"
  dependencies:
    "accepts" "~1.3.4"
    "base64id" "1.0.0"
    "cookie" "0.3.1"
    "debug" "~3.1.0"
    "engine.io-parser" "~2.1.0"
    "ws" "~6.1.0"

"escape-html@~1.0.3":
  "integrity" "sha512-NiSupZ4OeuGwr68lGIeym/ksIZMJodUGOSCZ/FSnTxcrekbvqrgdUxlJOMpijaKZVjAJrWrGs/6Jy8OMuyj9ow=="
  "resolved" "https://registry.npmjs.org/escape-html/-/escape-html-1.0.3.tgz"
  "version" "1.0.3"

"etag@~1.8.0":
  "integrity" "sha512-cNpO3IDp+dpOoM+0nNZYJc3ztKz+t6jLuX2Xs87qsFIrlgAqm83zPHtgrbxIREdky8mNTB2o2gIYqx9155CQlA=="
  "resolved" "https://registry.npmjs.org/etag/-/etag-1.8.0.tgz"
  "version" "1.8.0"

"express@^4.15.3":
  "integrity" "sha512-eyQPXY6coAN6NpdZhXZsAvoGSvWZtYq1S6YCBA86+RTwzzecvLvgPR/Jm+MR0otFUzLnmI/lfv79aoIMDpWW8w=="
  "resolved" "https://registry.npmjs.org/express/-/express-4.15.3.tgz"
  "version" "4.15.3"
  dependencies:
    "accepts" "~1.3.3"
    "array-flatten" "1.1.1"
    "content-disposition" "0.5.2"
    "content-type" "~1.0.2"
    "cookie" "0.3.1"
    "cookie-signature" "1.0.6"
    "debug" "2.6.7"
    "depd" "~1.1.0"
    "encodeurl" "~1.0.1"
    "escape-html" "~1.0.3"
    "etag" "~1.8.0"
    "finalhandler" "~1.0.3"
    "fresh" "0.5.0"
    "merge-descriptors" "1.0.1"
    "methods" "~1.1.2"
    "on-finished" "~2.3.0"
    "parseurl" "~1.3.1"
    "path-to-regexp" "0.1.7"
    "proxy-addr" "~1.1.4"
    "qs" "6.4.0"
    "range-parser" "~1.2.0"
    "send" "0.15.3"
    "serve-static" "1.12.3"
    "setprototypeof" "1.0.3"
    "statuses" "~1.3.1"
    "type-is" "~1.6.15"
    "utils-merge" "1.0.0"
    "vary" "~1.1.1"

"finalhandler@~1.0.3":
  "integrity" "sha512-Crb5GWw1cfFnZlZ3LJYAQCMbrfsKoV7+DNSvCQpwbybd+8tkrjHad5JuCJhunq8gJ80AqqsvbWxQSDBYxkr5tw=="
  "resolved" "https://registry.npmjs.org/finalhandler/-/finalhandler-1.0.3.tgz"
  "version" "1.0.3"
  dependencies:
    "debug" "2.6.7"
    "encodeurl" "~1.0.1"
    "escape-html" "~1.0.3"
    "on-finished" "~2.3.0"
    "parseurl" "~1.3.1"
    "statuses" "~1.3.1"
    "unpipe" "~1.0.0"

"forwarded@~0.1.0":
  "integrity" "sha512-h17abE+9l03GtF7H+Tdf/exIbFnOgiOieYrtBfleXuDTU3jGncrv4oLOIuXnFPveDuQPd9kd3MGkhKaMGoQwOA=="
  "resolved" "https://registry.npmjs.org/forwarded/-/forwarded-0.1.0.tgz"
  "version" "0.1.0"

"fresh@0.5.0":
  "integrity" "sha512-FveevZlqNSIBombLEB9L3WyWg74r6d0sk+unzqKmt33b5egY0YXDFWIQ/t2Fzr9mgBLL0BlL0/rdg8Oq1C0SVw=="
  "resolved" "https://registry.npmjs.org/fresh/-/fresh-0.5.0.tgz"
  "version" "0.5.0"

"gps@^0.5.3":
  "integrity" "sha512-uwOKGF+8cF9L++7WTtBH7fM+WiyJKyOmgl3yw0E/xeTIklzK4Nssw+dC/6CrCcsrZrrDWl8Wt5GRrjqjygIGiQ=="
  "resolved" "https://registry.npmjs.org/gps/-/gps-0.5.3.tgz"
  "version" "0.5.3"

"has-binary2@~1.0.2":
  "integrity" "sha512-G1LWKhDSvhGeAQ8mPVQlqNcOB2sJdwATtZKl2pDKKHfpf/rYj24lkinxf69blJbnsvtqqNU+L3SL50vzZhXOnw=="
  "resolved" "https://registry.npmjs.org/has-binary2/-/has-binary2-1.0.3.tgz"
  "version" "1.0.3"
  dependencies:
    "isarray" "2.0.1"

"has-cors@1.1.0":
  "integrity" "sha1-XkdHk/fqmEPRu5nCPu9J/xJv/zk= sha512-g5VNKdkFuUuVCP9gYfDJHjK2nqdQJ7aDLTnycnc2+RvsOQbuLdF5pm7vuE5J76SEBIQjs4kQY/BWq74JUmjbXA=="
  "resolved" "https://registry.npmjs.org/has-cors/-/has-cors-1.1.0.tgz"
  "version" "1.1.0"

"http-errors@~1.6.1":
  "integrity" "sha512-O/lLS06486+l1FVAXghMHAJB3tCg2R5jvGnIQ47X4K1FzfsVs51djHpmwPSzkJ77qIihOV8ONelhSBgfHGG0FA=="
  "resolved" "https://registry.npmjs.org/http-errors/-/http-errors-1.6.1.tgz"
  "version" "1.6.1"
  dependencies:
    "depd" "1.1.0"
    "inherits" "2.0.3"
    "setprototypeof" "1.0.3"
    "statuses" ">= 1.3.1 < 2"

"http-errors@1.7.2":
  "integrity" "sha512-uUQBt3H/cSIVfch6i1EuPNy/YsRSOUBXTVfZ+yR7Zjez3qjBz6i9+i4zjNaoqcoFVI4lQJ5plg63TvGfRSDCRg=="
  "resolved" "https://registry.npmjs.org/http-errors/-/http-errors-1.7.2.tgz"
  "version" "1.7.2"
  dependencies:
    "depd" "~1.1.2"
    "inherits" "2.0.3"
    "setprototypeof" "1.1.1"
    "statuses" ">= 1.5.0 < 2"
    "toidentifier" "1.0.0"

"iconv-lite@0.4.24":
  "integrity" "sha512-v3MXnZAcvnywkTUEZomIActle7RXXeedOR31wwl7VlyoXO4Qi9arvSenNQWne1TcRwhCL1HwLI21bEqdpj8/rA=="
  "resolved" "https://registry.npmjs.org/iconv-lite/-/iconv-lite-0.4.24.tgz"
  "version" "0.4.24"
  dependencies:
    "safer-buffer" ">= 2.1.2 < 3"

"indexof@0.0.1":
  "integrity" "sha1-gtwzbSMrkGIXnQWrMpOmYFn9Q10= sha512-i0G7hLJ1z0DE8dsqJa2rycj9dBmNKgXBvotXtZYXakU9oivfB9Uj2ZBC27qqef2U58/ZLwalxa1X/RDCdkHtVg=="
  "resolved" "https://registry.npmjs.org/indexof/-/indexof-0.0.1.tgz"
  "version" "0.0.1"

"inherits@2.0.3":
  "integrity" "sha512-x00IRNXNy63jwGkJmzPigoySHbaqpNuzKbBOmzK+g2OdZpQ9w+sxCN+VSB3ja7IAge2OP2qpfxTjeNcyjmW1uw=="
  "resolved" "https://registry.npmjs.org/inherits/-/inherits-2.0.3.tgz"
  "version" "2.0.3"

"ipaddr.js@1.3.0":
  "integrity" "sha512-d9mR/MvadaWPcqIpjtiKLgmNlO3587a9a+ZRUcwD4zguIV+zh+OX9U5/+ce5Ouw4DA54f+EMzmwCJDtlYoaR8Q=="
  "resolved" "https://registry.npmjs.org/ipaddr.js/-/ipaddr.js-1.3.0.tgz"
  "version" "1.3.0"

"isarray@2.0.1":
  "integrity" "sha1-o32U7ZzaLVmGXJ92/llu4fM4dB4= sha512-c2cu3UxbI+b6kR3fy0nRnAhodsvR9dx7U5+znCOzdj6IfP3upFURTr0Xl5BlQZNKZjEtxrmVyfSdeE3O57smoQ=="
  "resolved" "https://registry.npmjs.org/isarray/-/isarray-2.0.1.tgz"
  "version" "2.0.1"

"media-typer@0.3.0":
  "integrity" "sha512-dq+qelQ9akHpcOl/gUVRTxVIOkAJ1wR3QAvb4RsVjS8oVoFjDGTc679wJYmUmknUF5HwMLOgb5O+a3KxfWapPQ=="
  "resolved" "https://registry.npmjs.org/media-typer/-/media-typer-0.3.0.tgz"
  "version" "0.3.0"

"merge-descriptors@1.0.1":
  "integrity" "sha512-cCi6g3/Zr1iqQi6ySbseM1Xvooa98N0w31jzUYrXPX2xqObmFGHJ0tQ5u74H3mVh7wLouTseZyYIq39g8cNp1w=="
  "resolved" "https://registry.npmjs.org/merge-descriptors/-/merge-descriptors-1.0.1.tgz"
  "version" "1.0.1"

"methods@~1.1.2":
  "integrity" "sha512-iclAHeNqNm68zFtnZ0e+1L2yUIdvzNoauKU4WBA3VvH/vPFieF7qfRlwUZU+DA9P9bPXIS90ulxoUoCH23sV2w=="
  "resolved" "https://registry.npmjs.org/methods/-/methods-1.1.2.tgz"
  "version" "1.1.2"

"mime-db@1.40.0":
  "integrity" "sha512-jYdeOMPy9vnxEqFRRo6ZvTZ8d9oPb+k18PKoYNYUe2stVEBPPwsln/qWzdbmaIvnhZ9v2P+CuecK+fpUfsV2mA=="
  "resolved" "https://registry.npmjs.org/mime-db/-/mime-db-1.40.0.tgz"
  "version" "1.40.0"

"mime-types@~2.1.24":
  "integrity" "sha512-WaFHS3MCl5fapm3oLxU4eYDw77IQM2ACcxQ9RIxfaC3ooc6PFuBMGZZsYpvoXS5D5QTWPieo1jjLdAm3TBP3cQ=="
  "resolved" "https://registry.npmjs.org/mime-types/-/mime-types-2.1.24.tgz"
  "version" "2.1.24"
  dependencies:
    "mime-db" "1.40.0"

"mime@1.3.4":
  "integrity" "sha512-sAaYXszED5ALBt665F0wMQCUXpGuZsGdopoqcHPdL39ZYdi7uHoZlhrfZfhv8WzivhBzr/oXwaj+yiK5wY8MXQ=="
  "resolved" "https://registry.npmjs.org/mime/-/mime-1.3.4.tgz"
  "version" "1.3.4"

"ms@^2.1.1":
  "integrity" "sha512-sGkPx+VjMtmA6MX27oA4FBFELFCZZ4S4XqeGOXCv68tT+jb3vk/RyaKWP0PTKyWtmLSM0b+adUTEvbs1PEaH2w=="
  "resolved" "https://registry.npmjs.org/ms/-/ms-2.1.2.tgz"
  "version" "2.1.2"

"ms@2.0.0":
  "integrity" "sha512-Tpp60P6IUJDTuOq/5Z8cdskzJujfwqfOTkrwIwj7IRISpnkJnT6SyJ4PCPnGMoFjC9ddhal5KVIYtAt97ix05A=="
  "resolved" "https://registry.npmjs.org/ms/-/ms-2.0.0.tgz"
  "version" "2.0.0"

"negotiator@0.6.2":
  "integrity" "sha512-hZXc7K2e+PgeI1eDBe/10Ard4ekbfrrqG8Ep+8Jmf4JID2bNg7NvCPOZN+kfF574pFQI7mum2AUqDidoKqcTOw=="
  "resolved" "https://registry.npmjs.org/negotiator/-/negotiator-0.6.2.tgz"
  "version" "0.6.2"

"object-component@0.0.3":
  "integrity" "sha1-8MaapQ78lbhmwYb0AKM3acsvEpE= sha512-S0sN3agnVh2SZNEIGc0N1X4Z5K0JeFbGBrnuZpsxuUh5XLF0BnvWkMjRXo/zGKLd/eghvNIKcx1pQkmUjXIyrA=="
  "resolved" "https://registry.npmjs.org/object-component/-/object-component-0.0.3.tgz"
  "version" "0.0.3"

"on-finished@~2.3.0":
  "integrity" "sha512-ikqdkGAAyf/X/gPhXGvfgAytDZtDbr+bkNUJ0N9h5MI/dmdgCs3l6hoHrcUv41sRKew3jIwrp4qQDXiK99Utww=="
  "resolved" "https://registry.npmjs.org/on-finished/-/on-finished-2.3.0.tgz"
  "version" "2.3.0"
  dependencies:
    "ee-first" "1.1.1"

"parseqs@0.0.5":
  "integrity" "sha1-1SCKNzjkZ2bikbouoXNoSSGouJ0= sha512-B3Nrjw2aL7aI4TDujOzfA4NsEc4u1lVcIRE0xesutH8kjeWF70uk+W5cBlIQx04zUH9NTBvuN36Y9xLRPK6Jjw=="
  "resolved" "https://registry.npmjs.org/parseqs/-/parseqs-0.0.5.tgz"
  "version" "0.0.5"
  dependencies:
    "better-assert" "~1.0.0"

"parseuri@0.0.5":
  "integrity" "sha1-gCBKUNTbt3m/3G6+J3jZDkvOMgo= sha512-ijhdxJu6l5Ru12jF0JvzXVPvsC+VibqeaExlNoMhWN6VQ79PGjkmc7oA4W1lp00sFkNyj0fx6ivPLdV51/UMog=="
  "resolved" "https://registry.npmjs.org/parseuri/-/parseuri-0.0.5.tgz"
  "version" "0.0.5"
  dependencies:
    "better-assert" "~1.0.0"

"parseurl@~1.3.1":
  "integrity" "sha512-jcXcz8qX3IIi+Uf1Ut1TS2aNx2pLbVcFxIWZMcErWNrqFfTE1e+Q1stJkCOnzWBsxCTZJ0xmHtT4P8K0DnQQRA=="
  "resolved" "https://registry.npmjs.org/parseurl/-/parseurl-1.3.1.tgz"
  "version" "1.3.1"

"path-to-regexp@0.1.7":
  "integrity" "sha512-5DFkuoqlv1uYQKxy8omFBeJPQcdoE07Kv2sferDCrAq1ohOU+MSDswDIbnx3YAM60qIOnYa53wBhXW0EbMonrQ=="
  "resolved" "https://registry.npmjs.org/path-to-regexp/-/path-to-regexp-0.1.7.tgz"
  "version" "0.1.7"

"proxy-addr@~1.1.4":
  "integrity" "sha512-G/noElq/twFBfS4WnyIyGwJgBeUTmsiMnpy1H8jRsBBcP0vn9ncxIZKA2PkK5guEUbb+98BduZnrupe1AN3ziw=="
  "resolved" "https://registry.npmjs.org/proxy-addr/-/proxy-addr-1.1.4.tgz"
  "version" "1.1.4"
  dependencies:
    "forwarded" "~0.1.0"
    "ipaddr.js" "1.3.0"

"qs@6.4.0":
  "integrity" "sha512-Qs6dfgR5OksK/PSxl1kGxiZgEQe8RqJMB9wZqVlKQfU+zzV+HY77pWJnoJENACKDQByWdpr8ZPIh1TBi4lpiSQ=="
  "resolved" "https://registry.npmjs.org/qs/-/qs-6.4.0.tgz"
  "version" "6.4.0"

"qs@6.7.0":
  "integrity" "sha512-VCdBRNFTX1fyE7Nb6FYoURo/SPe62QCaAyzJvUjwRaIsc+NePBEniHlvxFmmX56+HZphIGtV0XeCirBtpDrTyQ=="
  "resolved" "https://registry.npmjs.org/qs/-/qs-6.7.0.tgz"
  "version" "6.7.0"

"range-parser@~1.2.0":
  "integrity" "sha512-kA5WQoNVo4t9lNx2kQNFCxKeBl5IbbSNBl1M/tLkw9WCn+hxNBAW5Qh8gdhs63CJnhjJ2zQWFoqPJP2sK1AV5A=="
  "resolved" "https://registry.npmjs.org/range-parser/-/range-parser-1.2.0.tgz"
  "version" "1.2.0"

"raw-body@2.4.0":
  "integrity" "sha512-4Oz8DUIwdvoa5qMJelxipzi/iJIi40O5cGV1wNYp5hvZP8ZN0T+jiNkL0QepXs+EsQ9XJ8ipEDoiH70ySUJP3Q=="
  "resolved" "https://registry.npmjs.org/raw-body/-/raw-body-2.4.0.tgz"
  "version" "2.4.0"
  dependencies:
    "bytes" "3.1.0"
    "http-errors" "1.7.2"
    "iconv-lite" "0.4.24"
    "unpipe" "1.0.0"

"safer-buffer@>= 2.1.2 < 3":
  "integrity" "sha512-YZo3K82SD7Riyi0E1EQPojLz7kpepnSQI9IyPbHHg1XXXevb5dJI7tpyN2ADxGcQbHG7vcyRHk0cbwqcQriUtg=="
  "resolved" "https://registry.npmjs.org/safer-buffer/-/safer-buffer-2.1.2.tgz"
  "version" "2.1.2"

"send@0.15.3":
  "integrity" "sha512-w21BXI1HgOfW8PQmKAU7yQJJmTPaXN3zwsAnRXkawmSC+W+pUeAE0rgt3dO5bM+ia3Gy8CDekD1FE/ZZMtlewQ=="
  "resolved" "https://registry.npmjs.org/send/-/send-0.15.3.tgz"
  "version" "0.15.3"
  dependencies:
    "debug" "2.6.7"
    "depd" "~1.1.0"
    "destroy" "~1.0.4"
    "encodeurl" "~1.0.1"
    "escape-html" "~1.0.3"
    "etag" "~1.8.0"
    "fresh" "0.5.0"
    "http-errors" "~1.6.1"
    "mime" "1.3.4"
    "ms" "2.0.0"
    "on-finished" "~2.3.0"
    "range-parser" "~1.2.0"
    "statuses" "~1.3.1"

"serve-static@1.12.3":
  "integrity" "sha512-M83Sy74z4RJdcXeZUvNjuv/AtjE/38BNYR8h8mgCC8w32QA6hcQx9Efr/YIlmqIDnxNkS1/fcxNJJtK+g9O+QQ=="
  "resolved" "https://registry.npmjs.org/serve-static/-/serve-static-1.12.3.tgz"
  "version" "1.12.3"
  dependencies:
    "encodeurl" "~1.0.1"
    "escape-html" "~1.0.3"
    "parseurl" "~1.3.1"
    "send" "0.15.3"

"setprototypeof@1.0.3":
  "integrity" "sha512-9jphSf3UbIgpOX/RKvX02iw/rN2TKdusnsPpGfO/rkcsrd+IRqgHZb4VGnmL0Cynps8Nj2hN45wsi30BzrHDIw=="
  "resolved" "https://registry.npmjs.org/setprototypeof/-/setprototypeof-1.0.3.tgz"
  "version" "1.0.3"

"setprototypeof@1.1.1":
  "integrity" "sha512-JvdAWfbXeIGaZ9cILp38HntZSFSo3mWg6xGcJJsd+d4aRMOqauag1C63dJfDw7OaMYwEbHMOxEZ1lqVRYP2OAw=="
  "resolved" "https://registry.npmjs.org/setprototypeof/-/setprototypeof-1.1.1.tgz"
  "version" "1.1.1"

"socket.io-adapter@~1.1.0":
  "integrity" "sha1-KoBeihTWNyEk3ZFZrUUC+MsH8Gs= sha512-a8zS9B5yaggPHh4odsSZJmMmHsVi4eOym5zIjTALl6GQCkOCghorCGQjBCke3WKbY14lgHh7L1E7ZBZy8/sYrQ=="
  "resolved" "https://registry.npmjs.org/socket.io-adapter/-/socket.io-adapter-1.1.1.tgz"
  "version" "1.1.1"

"socket.io-client@2.2.0":
  "integrity" "sha512-56ZrkTDbdTLmBIyfFYesgOxsjcLnwAKoN4CiPyTVkMQj3zTUh0QAx3GbvIvLpFEOvQWu92yyWICxB0u7wkVbYA=="
  "resolved" "https://registry.npmjs.org/socket.io-client/-/socket.io-client-2.2.0.tgz"
  "version" "2.2.0"
  dependencies:
    "backo2" "1.0.2"
    "base64-arraybuffer" "0.1.5"
    "component-bind" "1.0.0"
    "component-emitter" "1.2.1"
    "debug" "~3.1.0"
    "engine.io-client" "~3.3.1"
    "has-binary2" "~1.0.2"
    "has-cors" "1.1.0"
    "indexof" "0.0.1"
    "object-component" "0.0.3"
    "parseqs" "0.0.5"
    "parseuri" "0.0.5"
    "socket.io-parser" "~3.3.0"
    "to-array" "0.1.4"

"socket.io-parser@~3.3.0":
  "integrity" "sha512-hczmV6bDgdaEbVqhAeVMM/jfUfzuEZHsQg6eOmLgJht6G3mPKMxYm75w2+qhAQZ+4X+1+ATZ+QFKeOZD5riHng=="
  "resolved" "https://registry.npmjs.org/socket.io-parser/-/socket.io-parser-3.3.0.tgz"
  "version" "3.3.0"
  dependencies:
    "component-emitter" "1.2.1"
    "debug" "~3.1.0"
    "isarray" "2.0.1"

"socket.io@^2.2.0":
  "integrity" "sha512-wxXrIuZ8AILcn+f1B4ez4hJTPG24iNgxBBDaJfT6MsyOhVYiTXWexGoPkd87ktJG8kQEcL/NBvRi64+9k4Kc0w=="
  "resolved" "https://registry.npmjs.org/socket.io/-/socket.io-2.2.0.tgz"
  "version" "2.2.0"
  dependencies:
    "debug" "~4.1.0"
    "engine.io" "~3.3.1"
    "has-binary2" "~1.0.2"
    "socket.io-adapter" "~1.1.0"
    "socket.io-client" "2.2.0"
    "socket.io-parser" "~3.3.0"

"statuses@>= 1.3.1 < 2", "statuses@~1.3.1":
  "integrity" "sha512-wuTCPGlJONk/a1kqZ4fQM2+908lC7fa7nPYpTC1EhnvqLX/IICbeP1OZGDtA374trpSq68YubKUMo8oRhN46yg=="
  "resolved" "https://registry.npmjs.org/statuses/-/statuses-1.3.1.tgz"
  "version" "1.3.1"

"statuses@>= 1.5.0 < 2":
  "integrity" "sha1-Fhx9rBd2Wf2YEfQ3cfqZOBR4Yow= sha512-OpZ3zP+jT1PI7I8nemJX4AKmAX070ZkYPVWV/AaKTJl+tXCTGyVdC1a4SL8RUQYEwk/f34ZX8UTykN68FwrqAA=="
  "resolved" "https://registry.npmjs.org/statuses/-/statuses-1.5.0.tgz"
  "version" "1.5.0"

"to-array@0.1.4":
  "integrity" "sha1-F+bBH3PdTz10zaek/zI46a2b+JA= sha512-LhVdShQD/4Mk4zXNroIQZJC+Ap3zgLcDuwEdcmLv9CCO73NWockQDwyUnW/m8VX/EElfL6FcYx7EeutN4HJA6A=="
  "resolved" "https://registry.npmjs.org/to-array/-/to-array-0.1.4.tgz"
  "version" "0.1.4"

"toidentifier@1.0.0":
  "integrity" "sha512-yaOH/Pk/VEhBWWTlhI+qXxDFXlejDGcQipMlyxda9nthulaxLZUNcUqFxokp0vcYnvteJln5FNQDRrxj3YcbVw=="
  "resolved" "https://registry.npmjs.org/toidentifier/-/toidentifier-1.0.0.tgz"
  "version" "1.0.0"

"type-is@~1.6.15", "type-is@~1.6.17":
  "integrity" "sha512-TkRKr9sUTxEH8MdfuCSP7VizJyzRNMjj2J2do2Jr3Kym598JVdEksuzPQCnlFPW4ky9Q+iA+ma9BGm06XQBy8g=="
  "resolved" "https://registry.npmjs.org/type-is/-/type-is-1.6.18.tgz"
  "version" "1.6.18"
  dependencies:
    "media-typer" "0.3.0"
    "mime-types" "~2.1.24"

"unpipe@~1.0.0", "unpipe@1.0.0":
  "integrity" "sha512-pjy2bYhSsufwWlKwPc+l3cN7+wuJlK6uz0YdJEOlQDbl6jo/YlPi4mb8agUkVC8BF7V8NuzeyPNqRksA3hztKQ=="
  "resolved" "https://registry.npmjs.org/unpipe/-/unpipe-1.0.0.tgz"
  "version" "1.0.0"

"utils-merge@1.0.0":
  "integrity" "sha512-HwU9SLQEtyo+0uoKXd1nkLqigUWLB+QuNQR4OcmB73eWqksM5ovuqcycks2x043W8XVb75rG1HQ0h93TMXkzQQ=="
  "resolved" "https://registry.npmjs.org/utils-merge/-/utils-merge-1.0.0.tgz"
  "version" "1.0.0"

"vary@~1.1.1":
  "integrity" "sha512-kCupYIvF6ltl975bvRTPK/Ml8aAZ32u1JgZ4QpuL20w3lWEJYlD90NQmXIcnAliEDN62MA4V96A2uq5cBsHSJA=="
  "resolved" "https://registry.npmjs.org/vary/-/vary-1.1.1.tgz"
  "version" "1.1.1"

"ws@~6.1.0":
  "integrity" "sha512-eqZfL+NE/YQc1/ZynhojeV8q+H050oR8AZ2uIev7RU10svA9ZnJUddHcOUZTJLinZ9yEfdA2kSATS2qZK5fhJA=="
  "resolved" "https://registry.npmjs.org/ws/-/ws-6.1.4.tgz"
  "version" "6.1.4"
  dependencies:
    "async-limiter" "~1.0.0"

"xmlhttprequest-ssl@~1.5.4":
  "integrity" "sha1-wodrBhaKrcQOV9l+gRkayPQ5iz4= sha512-/bFPLUgJrfGUL10AIv4Y7/CUt6so9CLtB/oFxQSHseSDNNCdC6vwwKEqwLN6wNPBg9YWXAiMu8jkf6RPRS/75Q=="
  "resolved" "https://registry.npmjs.org/xmlhttprequest-ssl/-/xmlhttprequest-ssl-1.5.5.tgz"
  "version" "1.5.5"

"yarn@^1.22.19":
  "integrity" "sha512-/0V5q0WbslqnwP91tirOvldvYISzaqhClxzyUKXYxs07yUILIs5jx/k6CFe8bvKSkds5w+eiOqta39Wk3WxdcQ=="
  "resolved" "https://registry.npmjs.org/yarn/-/yarn-1.22.19.tgz"
  "version" "1.22.19"

"yeast@0.1.2":
  "integrity" "sha1-AI4G2AlDIMNy28L47XagymyKxBk= sha512-8HFIh676uyGYP6wP13R/j6OJ/1HwJ46snpvzE7aHAN3Ryqh2yX6Xox2B4CUmTwwOIzlG3Bs7ocsP5dZH/R1Qbg=="
  "resolved" "https://registry.npmjs.org/yeast/-/yeast-0.1.2.tgz"
  "version" "0.1.2"
